
Microsoft Visual Studio Solution File, Format Version 12.00
# Visual Studio Version 17
VisualStudioVersion = 17.13.35828.75 d17.13
MinimumVisualStudioVersion = 10.0.40219.1
Project("{FAE04EC0-301F-11D3-BF4B-00C04F79EFBC}") = "IfStatements", "IfStatements.csproj", "{2419F396-10B3-407D-8FCA-267231F12C6C}"
EndProject
Global
	GlobalSection(SolutionConfigurationPlatforms) = preSolution
		Debug|Any CPU = Debug|Any CPU
		Release|Any CPU = Release|Any CPU
	EndGlobalSection
	GlobalSection(ProjectConfigurationPlatforms) = postSolution
		{2419F396-10B3-407D-8FCA-267231F12C6C}.Debug|Any CPU.ActiveCfg = Debug|Any CPU
		{2419F396-10B3-407D-8FCA-267231F12C6C}.Debug|Any CPU.Build.0 = Debug|Any CPU
		{2419F396-10B3-407D-8FCA-267231F12C6C}.Release|Any CPU.ActiveCfg = Release|Any CPU
		{2419F396-10B3-407D-8FCA-267231F12C6C}.Release|Any CPU.Build.0 = Release|Any CPU
	EndGlobalSection
	GlobalSection(SolutionProperties) = preSolution
		HideSolutionNode = FALSE
	EndGlobalSection
	GlobalSection(ExtensibilityGlobals) = postSolution
		SolutionGuid = {BFD0DB28-0388-481A-BDFC-415B99F86111}
	EndGlobalSection
EndGlobal
