
Microsoft Visual Studio Solution File, Format Version 12.00
# Visual Studio Version 17
VisualStudioVersion = 17.14.36717.8 d17.14
MinimumVisualStudioVersion = 10.0.40219.1
Project("{FAE04EC0-301F-11D3-BF4B-00C04F79EFBC}") = "OperatorOverloading", "OperatorOverloading.csproj", "{B31B1A6B-4BC6-4CE4-9C1E-F4B2108BCECB}"
EndProject
Global
	GlobalSection(SolutionConfigurationPlatforms) = preSolution
		Debug|Any CPU = Debug|Any CPU
		Release|Any CPU = Release|Any CPU
	EndGlobalSection
	GlobalSection(ProjectConfigurationPlatforms) = postSolution
		{B31B1A6B-4BC6-4CE4-9C1E-F4B2108BCECB}.Debug|Any CPU.ActiveCfg = Debug|Any CPU
		{B31B1A6B-4BC6-4CE4-9C1E-F4B2108BCECB}.Debug|Any CPU.Build.0 = Debug|Any CPU
		{B31B1A6B-4BC6-4CE4-9C1E-F4B2108BCECB}.Release|Any CPU.ActiveCfg = Release|Any CPU
		{B31B1A6B-4BC6-4CE4-9C1E-F4B2108BCECB}.Release|Any CPU.Build.0 = Release|Any CPU
	EndGlobalSection
	GlobalSection(SolutionProperties) = preSolution
		HideSolutionNode = FALSE
	EndGlobalSection
	GlobalSection(ExtensibilityGlobals) = postSolution
		SolutionGuid = {974ADE9E-0906-4102-8299-9A8808B511DD}
	EndGlobalSection
EndGlobal
