
Microsoft Visual Studio Solution File, Format Version 12.00
# Visual Studio Version 17
VisualStudioVersion = 17.14.36429.23 d17.14
MinimumVisualStudioVersion = 10.0.40219.1
Project("{FAE04EC0-301F-11D3-BF4B-00C04F79EFBC}") = "JaggedArray", "JaggedArray.csproj", "{7DFED81E-2E57-42B4-8ECC-93B3867FF5B6}"
EndProject
Global
	GlobalSection(SolutionConfigurationPlatforms) = preSolution
		Debug|Any CPU = Debug|Any CPU
		Release|Any CPU = Release|Any CPU
	EndGlobalSection
	GlobalSection(ProjectConfigurationPlatforms) = postSolution
		{7DFED81E-2E57-42B4-8ECC-93B3867FF5B6}.Debug|Any CPU.ActiveCfg = Debug|Any CPU
		{7DFED81E-2E57-42B4-8ECC-93B3867FF5B6}.Debug|Any CPU.Build.0 = Debug|Any CPU
		{7DFED81E-2E57-42B4-8ECC-93B3867FF5B6}.Release|Any CPU.ActiveCfg = Release|Any CPU
		{7DFED81E-2E57-42B4-8ECC-93B3867FF5B6}.Release|Any CPU.Build.0 = Release|Any CPU
	EndGlobalSection
	GlobalSection(SolutionProperties) = preSolution
		HideSolutionNode = FALSE
	EndGlobalSection
	GlobalSection(ExtensibilityGlobals) = postSolution
		SolutionGuid = {6EE047B7-0C55-4464-AC59-93FCA6C2EBC7}
	EndGlobalSection
EndGlobal
