
Microsoft Visual Studio Solution File, Format Version 12.00
# Visual Studio Version 17
VisualStudioVersion = 17.14.36717.8 d17.14
MinimumVisualStudioVersion = 10.0.40219.1
Project("{FAE04EC0-301F-11D3-BF4B-00C04F79EFBC}") = "TryCatchExceptions", "TryCatchExceptions.csproj", "{88C44A78-2352-4F79-A86B-F60EA7B7526C}"
EndProject
Global
	GlobalSection(SolutionConfigurationPlatforms) = preSolution
		Debug|Any CPU = Debug|Any CPU
		Release|Any CPU = Release|Any CPU
	EndGlobalSection
	GlobalSection(ProjectConfigurationPlatforms) = postSolution
		{88C44A78-2352-4F79-A86B-F60EA7B7526C}.Debug|Any CPU.ActiveCfg = Debug|Any CPU
		{88C44A78-2352-4F79-A86B-F60EA7B7526C}.Debug|Any CPU.Build.0 = Debug|Any CPU
		{88C44A78-2352-4F79-A86B-F60EA7B7526C}.Release|Any CPU.ActiveCfg = Release|Any CPU
		{88C44A78-2352-4F79-A86B-F60EA7B7526C}.Release|Any CPU.Build.0 = Release|Any CPU
	EndGlobalSection
	GlobalSection(SolutionProperties) = preSolution
		HideSolutionNode = FALSE
	EndGlobalSection
	GlobalSection(ExtensibilityGlobals) = postSolution
		SolutionGuid = {FF48F6BC-B552-49CA-9DB2-4E331DC8FB36}
	EndGlobalSection
EndGlobal
