
Microsoft Visual Studio Solution File, Format Version 12.00
# Visual Studio Version 17
VisualStudioVersion = 17.8.34330.188
MinimumVisualStudioVersion = 10.0.40219.1
Project("{FAE04EC0-301F-11D3-BF4B-00C04F79EFBC}") = "ConsoleMethof", "ConsoleMethof\ConsoleMethof.csproj", "{FC07E121-EF5E-46FC-B238-94E66553AF88}"
EndProject
Global
	GlobalSection(SolutionConfigurationPlatforms) = preSolution
		Debug|Any CPU = Debug|Any CPU
		Release|Any CPU = Release|Any CPU
	EndGlobalSection
	GlobalSection(ProjectConfigurationPlatforms) = postSolution
		{FC07E121-EF5E-46FC-B238-94E66553AF88}.Debug|Any CPU.ActiveCfg = Debug|Any CPU
		{FC07E121-EF5E-46FC-B238-94E66553AF88}.Debug|Any CPU.Build.0 = Debug|Any CPU
		{FC07E121-EF5E-46FC-B238-94E66553AF88}.Release|Any CPU.ActiveCfg = Release|Any CPU
		{FC07E121-EF5E-46FC-B238-94E66553AF88}.Release|Any CPU.Build.0 = Release|Any CPU
	EndGlobalSection
	GlobalSection(SolutionProperties) = preSolution
		HideSolutionNode = FALSE
	EndGlobalSection
	GlobalSection(ExtensibilityGlobals) = postSolution
		SolutionGuid = {D83A02EC-EC7F-440B-92F6-83C704714964}
	EndGlobalSection
EndGlobal
