
Microsoft Visual Studio Solution File, Format Version 12.00
# Visual Studio Version 17
VisualStudioVersion = 17.14.36930.0 d17.14
MinimumVisualStudioVersion = 10.0.40219.1
Project("{FAE04EC0-301F-11D3-BF4B-00C04F79EFBC}") = "CreateGUIElementsWithCSharpWPFApp", "CreateGUIElementsWithCSharpWPFApp\CreateGUIElementsWithCSharpWPFApp.csproj", "{95909727-FEE8-46A9-BE7F-229E1C637889}"
EndProject
Global
	GlobalSection(SolutionConfigurationPlatforms) = preSolution
		Debug|Any CPU = Debug|Any CPU
		Release|Any CPU = Release|Any CPU
	EndGlobalSection
	GlobalSection(ProjectConfigurationPlatforms) = postSolution
		{95909727-FEE8-46A9-BE7F-229E1C637889}.Debug|Any CPU.ActiveCfg = Debug|Any CPU
		{95909727-FEE8-46A9-BE7F-229E1C637889}.Debug|Any CPU.Build.0 = Debug|Any CPU
		{95909727-FEE8-46A9-BE7F-229E1C637889}.Release|Any CPU.ActiveCfg = Release|Any CPU
		{95909727-FEE8-46A9-BE7F-229E1C637889}.Release|Any CPU.Build.0 = Release|Any CPU
	EndGlobalSection
	GlobalSection(SolutionProperties) = preSolution
		HideSolutionNode = FALSE
	EndGlobalSection
	GlobalSection(ExtensibilityGlobals) = postSolution
		SolutionGuid = {D8A110D7-D44C-4545-9BC7-9C98D0DE4D50}
	EndGlobalSection
EndGlobal
