
Microsoft Visual Studio Solution File, Format Version 12.00
# Visual Studio Version 17
VisualStudioVersion = 17.14.36930.0 d17.14
MinimumVisualStudioVersion = 10.0.40219.1
Project("{FAE04EC0-301F-11D3-BF4B-00C04F79EFBC}") = "WPF_DataBindingApp", "WPF_DataBindingApp\WPF_DataBindingApp.csproj", "{49D45223-E908-4EDC-8E34-2D42DBB4371C}"
EndProject
Global
	GlobalSection(SolutionConfigurationPlatforms) = preSolution
		Debug|Any CPU = Debug|Any CPU
		Release|Any CPU = Release|Any CPU
	EndGlobalSection
	GlobalSection(ProjectConfigurationPlatforms) = postSolution
		{49D45223-E908-4EDC-8E34-2D42DBB4371C}.Debug|Any CPU.ActiveCfg = Debug|Any CPU
		{49D45223-E908-4EDC-8E34-2D42DBB4371C}.Debug|Any CPU.Build.0 = Debug|Any CPU
		{49D45223-E908-4EDC-8E34-2D42DBB4371C}.Release|Any CPU.ActiveCfg = Release|Any CPU
		{49D45223-E908-4EDC-8E34-2D42DBB4371C}.Release|Any CPU.Build.0 = Release|Any CPU
	EndGlobalSection
	GlobalSection(SolutionProperties) = preSolution
		HideSolutionNode = FALSE
	EndGlobalSection
	GlobalSection(ExtensibilityGlobals) = postSolution
		SolutionGuid = {F73E6C5B-2677-4AB0-8548-070E98F4E994}
	EndGlobalSection
EndGlobal
