
Microsoft Visual Studio Solution File, Format Version 12.00
# Visual Studio Version 17
VisualStudioVersion = 17.14.36811.4 d17.14
MinimumVisualStudioVersion = 10.0.40219.1
Project("{FAE04EC0-301F-11D3-BF4B-00C04F79EFBC}") = "DependencyInjectionApp", "DependencyInjectionApp.csproj", "{50AEE8CA-8795-4663-8214-4281DA145D67}"
EndProject
Global
	GlobalSection(SolutionConfigurationPlatforms) = preSolution
		Debug|Any CPU = Debug|Any CPU
		Release|Any CPU = Release|Any CPU
	EndGlobalSection
	GlobalSection(ProjectConfigurationPlatforms) = postSolution
		{50AEE8CA-8795-4663-8214-4281DA145D67}.Debug|Any CPU.ActiveCfg = Debug|Any CPU
		{50AEE8CA-8795-4663-8214-4281DA145D67}.Debug|Any CPU.Build.0 = Debug|Any CPU
		{50AEE8CA-8795-4663-8214-4281DA145D67}.Release|Any CPU.ActiveCfg = Release|Any CPU
		{50AEE8CA-8795-4663-8214-4281DA145D67}.Release|Any CPU.Build.0 = Release|Any CPU
	EndGlobalSection
	GlobalSection(SolutionProperties) = preSolution
		HideSolutionNode = FALSE
	EndGlobalSection
	GlobalSection(ExtensibilityGlobals) = postSolution
		SolutionGuid = {CD57D8EC-BDEB-4EFF-B0C9-A248D7A50B41}
	EndGlobalSection
EndGlobal
