
Microsoft Visual Studio Solution File, Format Version 12.00
# Visual Studio Version 17
VisualStudioVersion = 17.13.35828.75 d17.13
MinimumVisualStudioVersion = 10.0.40219.1
Project("{FAE04EC0-301F-11D3-BF4B-00C04F79EFBC}") = "OurLittleQuizApp", "OurLittleQuizApp.csproj", "{58DAB8E8-BD61-4375-8944-9074656F8366}"
EndProject
Global
	GlobalSection(SolutionConfigurationPlatforms) = preSolution
		Debug|Any CPU = Debug|Any CPU
		Release|Any CPU = Release|Any CPU
	EndGlobalSection
	GlobalSection(ProjectConfigurationPlatforms) = postSolution
		{58DAB8E8-BD61-4375-8944-9074656F8366}.Debug|Any CPU.ActiveCfg = Debug|Any CPU
		{58DAB8E8-BD61-4375-8944-9074656F8366}.Debug|Any CPU.Build.0 = Debug|Any CPU
		{58DAB8E8-BD61-4375-8944-9074656F8366}.Release|Any CPU.ActiveCfg = Release|Any CPU
		{58DAB8E8-BD61-4375-8944-9074656F8366}.Release|Any CPU.Build.0 = Release|Any CPU
	EndGlobalSection
	GlobalSection(SolutionProperties) = preSolution
		HideSolutionNode = FALSE
	EndGlobalSection
	GlobalSection(ExtensibilityGlobals) = postSolution
		SolutionGuid = {E4AD3F30-A5B4-4C75-9560-546D089F39EC}
	EndGlobalSection
EndGlobal
