
Microsoft Visual Studio Solution File, Format Version 12.00
# Visual Studio Version 17
VisualStudioVersion = 17.14.36717.8 d17.14
MinimumVisualStudioVersion = 10.0.40219.1
Project("{FAE04EC0-301F-11D3-BF4B-00C04F79EFBC}") = "RandomClass", "RandomClass.csproj", "{D8932AC2-F7F2-4802-945D-E362BB45C8C2}"
EndProject
Global
	GlobalSection(SolutionConfigurationPlatforms) = preSolution
		Debug|Any CPU = Debug|Any CPU
		Release|Any CPU = Release|Any CPU
	EndGlobalSection
	GlobalSection(ProjectConfigurationPlatforms) = postSolution
		{D8932AC2-F7F2-4802-945D-E362BB45C8C2}.Debug|Any CPU.ActiveCfg = Debug|Any CPU
		{D8932AC2-F7F2-4802-945D-E362BB45C8C2}.Debug|Any CPU.Build.0 = Debug|Any CPU
		{D8932AC2-F7F2-4802-945D-E362BB45C8C2}.Release|Any CPU.ActiveCfg = Release|Any CPU
		{D8932AC2-F7F2-4802-945D-E362BB45C8C2}.Release|Any CPU.Build.0 = Release|Any CPU
	EndGlobalSection
	GlobalSection(SolutionProperties) = preSolution
		HideSolutionNode = FALSE
	EndGlobalSection
	GlobalSection(ExtensibilityGlobals) = postSolution
		SolutionGuid = {118E4820-09E0-417B-85E4-E2D3534C653D}
	EndGlobalSection
EndGlobal
