
Microsoft Visual Studio Solution File, Format Version 12.00
# Visual Studio Version 17
VisualStudioVersion = 17.14.36429.23 d17.14
MinimumVisualStudioVersion = 10.0.40219.1
Project("{FAE04EC0-301F-11D3-BF4B-00C04F79EFBC}") = "GuessNumberWhileLoop", "GuessNumberWhileLoop.csproj", "{95AA0911-529F-420A-A9E8-B570B6817173}"
EndProject
Global
	GlobalSection(SolutionConfigurationPlatforms) = preSolution
		Debug|Any CPU = Debug|Any CPU
		Release|Any CPU = Release|Any CPU
	EndGlobalSection
	GlobalSection(ProjectConfigurationPlatforms) = postSolution
		{95AA0911-529F-420A-A9E8-B570B6817173}.Debug|Any CPU.ActiveCfg = Debug|Any CPU
		{95AA0911-529F-420A-A9E8-B570B6817173}.Debug|Any CPU.Build.0 = Debug|Any CPU
		{95AA0911-529F-420A-A9E8-B570B6817173}.Release|Any CPU.ActiveCfg = Release|Any CPU
		{95AA0911-529F-420A-A9E8-B570B6817173}.Release|Any CPU.Build.0 = Release|Any CPU
	EndGlobalSection
	GlobalSection(SolutionProperties) = preSolution
		HideSolutionNode = FALSE
	EndGlobalSection
	GlobalSection(ExtensibilityGlobals) = postSolution
		SolutionGuid = {27308034-AA92-4EDD-937C-537DEC9E5067}
	EndGlobalSection
EndGlobal
