
Microsoft Visual Studio Solution File, Format Version 12.00
# Visual Studio Version 18
VisualStudioVersion = 18.4.11626.88
MinimumVisualStudioVersion = 10.0.40219.1
Project("{FAE04EC0-301F-11D3-BF4B-00C04F79EFBC}") = "WPF_CurrencyConverter_StaticApp", "WPF{_CurrencyConverter_StaticApp\WPF_CurrencyConverter_StaticApp.csproj", "{C177789E-F991-4E33-85AE-6509D191ED21}"
EndProject
Project("{2150E333-8FDC-42A3-9474-1A3956D46DE8}") = "Solution Items", "Solution Items", "{0EFF8AB6-BD44-4A02-B665-747766133062}"
	ProjectSection(SolutionItems) = preProject
		.editorconfig = .editorconfig
	EndProjectSection
EndProject
Global
	GlobalSection(SolutionConfigurationPlatforms) = preSolution
		Debug|Any CPU = Debug|Any CPU
		Release|Any CPU = Release|Any CPU
	EndGlobalSection
	GlobalSection(ProjectConfigurationPlatforms) = postSolution
		{C177789E-F991-4E33-85AE-6509D191ED21}.Debug|Any CPU.ActiveCfg = Debug|Any CPU
		{C177789E-F991-4E33-85AE-6509D191ED21}.Debug|Any CPU.Build.0 = Debug|Any CPU
		{C177789E-F991-4E33-85AE-6509D191ED21}.Release|Any CPU.ActiveCfg = Release|Any CPU
		{C177789E-F991-4E33-85AE-6509D191ED21}.Release|Any CPU.Build.0 = Release|Any CPU
	EndGlobalSection
	GlobalSection(SolutionProperties) = preSolution
		HideSolutionNode = FALSE
	EndGlobalSection
	GlobalSection(ExtensibilityGlobals) = postSolution
		SolutionGuid = {288250CD-5CB0-4848-9EE1-8240A188EE9E}
	EndGlobalSection
EndGlobal
