
Microsoft Visual Studio Solution File, Format Version 12.00
# Visual Studio Version 17
VisualStudioVersion = 17.14.36429.23 d17.14
MinimumVisualStudioVersion = 10.0.40219.1
Project("{FAE04EC0-301F-11D3-BF4B-00C04F79EFBC}") = "ThreeDeimensionalArray", "ThreeDeimensionalArray.csproj", "{BCE9A50C-82B5-4650-9EB3-73EC381FC128}"
EndProject
Global
	GlobalSection(SolutionConfigurationPlatforms) = preSolution
		Debug|Any CPU = Debug|Any CPU
		Release|Any CPU = Release|Any CPU
	EndGlobalSection
	GlobalSection(ProjectConfigurationPlatforms) = postSolution
		{BCE9A50C-82B5-4650-9EB3-73EC381FC128}.Debug|Any CPU.ActiveCfg = Debug|Any CPU
		{BCE9A50C-82B5-4650-9EB3-73EC381FC128}.Debug|Any CPU.Build.0 = Debug|Any CPU
		{BCE9A50C-82B5-4650-9EB3-73EC381FC128}.Release|Any CPU.ActiveCfg = Release|Any CPU
		{BCE9A50C-82B5-4650-9EB3-73EC381FC128}.Release|Any CPU.Build.0 = Release|Any CPU
	EndGlobalSection
	GlobalSection(SolutionProperties) = preSolution
		HideSolutionNode = FALSE
	EndGlobalSection
	GlobalSection(ExtensibilityGlobals) = postSolution
		SolutionGuid = {A3980D2D-4BED-446A-ADA5-5CB67B24084C}
	EndGlobalSection
EndGlobal
