
Microsoft Visual Studio Solution File, Format Version 12.00
# Visual Studio Version 17
VisualStudioVersion = 17.14.36915.13 d17.14
MinimumVisualStudioVersion = 10.0.40219.1
Project("{FAE04EC0-301F-11D3-BF4B-00C04F79EFBC}") = "Section_11_BubbleSortAlgorithm", "Section_11_BubbleSortAlgorithm\Section_11_BubbleSortAlgorithm.csproj", "{D1A8C861-7B34-4834-8E43-476596B68846}"
EndProject
Global
	GlobalSection(SolutionConfigurationPlatforms) = preSolution
		Debug|Any CPU = Debug|Any CPU
		Release|Any CPU = Release|Any CPU
	EndGlobalSection
	GlobalSection(ProjectConfigurationPlatforms) = postSolution
		{D1A8C861-7B34-4834-8E43-476596B68846}.Debug|Any CPU.ActiveCfg = Debug|Any CPU
		{D1A8C861-7B34-4834-8E43-476596B68846}.Debug|Any CPU.Build.0 = Debug|Any CPU
		{D1A8C861-7B34-4834-8E43-476596B68846}.Release|Any CPU.ActiveCfg = Release|Any CPU
		{D1A8C861-7B34-4834-8E43-476596B68846}.Release|Any CPU.Build.0 = Release|Any CPU
	EndGlobalSection
	GlobalSection(SolutionProperties) = preSolution
		HideSolutionNode = FALSE
	EndGlobalSection
	GlobalSection(ExtensibilityGlobals) = postSolution
		SolutionGuid = {C7988DD6-5220-490C-96D4-4F4896242958}
	EndGlobalSection
EndGlobal
