
Microsoft Visual Studio Solution File, Format Version 12.00
# Visual Studio Version 17
VisualStudioVersion = 17.14.36429.23 d17.14
MinimumVisualStudioVersion = 10.0.40219.1
Project("{FAE04EC0-301F-11D3-BF4B-00C04F79EFBC}") = "Challenge_Rocket_Landing_Simulation", "Challenge_Rocket_Landing_Simulation.csproj", "{C146A9E7-74FA-4BFD-9E10-A1A51BC489C8}"
EndProject
Global
	GlobalSection(SolutionConfigurationPlatforms) = preSolution
		Debug|Any CPU = Debug|Any CPU
		Release|Any CPU = Release|Any CPU
	EndGlobalSection
	GlobalSection(ProjectConfigurationPlatforms) = postSolution
		{C146A9E7-74FA-4BFD-9E10-A1A51BC489C8}.Debug|Any CPU.ActiveCfg = Debug|Any CPU
		{C146A9E7-74FA-4BFD-9E10-A1A51BC489C8}.Debug|Any CPU.Build.0 = Debug|Any CPU
		{C146A9E7-74FA-4BFD-9E10-A1A51BC489C8}.Release|Any CPU.ActiveCfg = Release|Any CPU
		{C146A9E7-74FA-4BFD-9E10-A1A51BC489C8}.Release|Any CPU.Build.0 = Release|Any CPU
	EndGlobalSection
	GlobalSection(SolutionProperties) = preSolution
		HideSolutionNode = FALSE
	EndGlobalSection
	GlobalSection(ExtensibilityGlobals) = postSolution
		SolutionGuid = {EB043DEC-C028-4636-AA92-6633D7254A0F}
	EndGlobalSection
EndGlobal
