
Microsoft Visual Studio Solution File, Format Version 12.00
# Visual Studio Version 17
VisualStudioVersion = 17.14.36930.0 d17.14
MinimumVisualStudioVersion = 10.0.40219.1
Project("{FAE04EC0-301F-11D3-BF4B-00C04F79EFBC}") = "WPF_ContentControlLoginApp", "WPF_ContentControlLoginApp\WPF_ContentControlLoginApp.csproj", "{FC78EA0A-2FFE-4EEA-99DA-4B490F20A8BE}"
EndProject
Global
	GlobalSection(SolutionConfigurationPlatforms) = preSolution
		Debug|Any CPU = Debug|Any CPU
		Release|Any CPU = Release|Any CPU
	EndGlobalSection
	GlobalSection(ProjectConfigurationPlatforms) = postSolution
		{FC78EA0A-2FFE-4EEA-99DA-4B490F20A8BE}.Debug|Any CPU.ActiveCfg = Debug|Any CPU
		{FC78EA0A-2FFE-4EEA-99DA-4B490F20A8BE}.Debug|Any CPU.Build.0 = Debug|Any CPU
		{FC78EA0A-2FFE-4EEA-99DA-4B490F20A8BE}.Release|Any CPU.ActiveCfg = Release|Any CPU
		{FC78EA0A-2FFE-4EEA-99DA-4B490F20A8BE}.Release|Any CPU.Build.0 = Release|Any CPU
	EndGlobalSection
	GlobalSection(SolutionProperties) = preSolution
		HideSolutionNode = FALSE
	EndGlobalSection
	GlobalSection(ExtensibilityGlobals) = postSolution
		SolutionGuid = {56EF41AA-9CB7-4F03-9920-76CB59601F0F}
	EndGlobalSection
EndGlobal
