
Microsoft Visual Studio Solution File, Format Version 12.00
# Visual Studio Version 17
VisualStudioVersion = 17.14.36915.13 d17.14
MinimumVisualStudioVersion = 10.0.40219.1
Project("{FAE04EC0-301F-11D3-BF4B-00C04F79EFBC}") = "GenericsInC#", "GenericsInC#\GenericsInC#.csproj", "{16A4C42C-834E-4D68-80AA-E9E8A6CD75BF}"
EndProject
Global
	GlobalSection(SolutionConfigurationPlatforms) = preSolution
		Debug|Any CPU = Debug|Any CPU
		Release|Any CPU = Release|Any CPU
	EndGlobalSection
	GlobalSection(ProjectConfigurationPlatforms) = postSolution
		{16A4C42C-834E-4D68-80AA-E9E8A6CD75BF}.Debug|Any CPU.ActiveCfg = Debug|Any CPU
		{16A4C42C-834E-4D68-80AA-E9E8A6CD75BF}.Debug|Any CPU.Build.0 = Debug|Any CPU
		{16A4C42C-834E-4D68-80AA-E9E8A6CD75BF}.Release|Any CPU.ActiveCfg = Release|Any CPU
		{16A4C42C-834E-4D68-80AA-E9E8A6CD75BF}.Release|Any CPU.Build.0 = Release|Any CPU
	EndGlobalSection
	GlobalSection(SolutionProperties) = preSolution
		HideSolutionNode = FALSE
	EndGlobalSection
	GlobalSection(ExtensibilityGlobals) = postSolution
		SolutionGuid = {C9D7F2C6-3199-4319-B439-819BF5E97974}
	EndGlobalSection
EndGlobal
