
Microsoft Visual Studio Solution File, Format Version 12.00
# Visual Studio Version 17
VisualStudioVersion = 17.14.36915.13 d17.14
MinimumVisualStudioVersion = 10.0.40219.1
Project("{FAE04EC0-301F-11D3-BF4B-00C04F79EFBC}") = "Section_11_DelegatesAndEvents", "Section_11_DelegatesAndEvents\Section_11_DelegatesAndEvents.csproj", "{46C42C3C-28BB-4F15-83CD-1943E1E43CCC}"
EndProject
Global
	GlobalSection(SolutionConfigurationPlatforms) = preSolution
		Debug|Any CPU = Debug|Any CPU
		Release|Any CPU = Release|Any CPU
	EndGlobalSection
	GlobalSection(ProjectConfigurationPlatforms) = postSolution
		{46C42C3C-28BB-4F15-83CD-1943E1E43CCC}.Debug|Any CPU.ActiveCfg = Debug|Any CPU
		{46C42C3C-28BB-4F15-83CD-1943E1E43CCC}.Debug|Any CPU.Build.0 = Debug|Any CPU
		{46C42C3C-28BB-4F15-83CD-1943E1E43CCC}.Release|Any CPU.ActiveCfg = Release|Any CPU
		{46C42C3C-28BB-4F15-83CD-1943E1E43CCC}.Release|Any CPU.Build.0 = Release|Any CPU
	EndGlobalSection
	GlobalSection(SolutionProperties) = preSolution
		HideSolutionNode = FALSE
	EndGlobalSection
	GlobalSection(ExtensibilityGlobals) = postSolution
		SolutionGuid = {849C8F00-9E04-477A-B21E-A589447A4D04}
	EndGlobalSection
EndGlobal
