
Microsoft Visual Studio Solution File, Format Version 12.00
# Visual Studio Version 17
VisualStudioVersion = 17.14.36811.4 d17.14
MinimumVisualStudioVersion = 10.0.40219.1
Project("{FAE04EC0-301F-11D3-BF4B-00C04F79EFBC}") = "MultipleInheritanceApp", "MultipleInheritanceApp.csproj", "{0390E00C-3B6A-4336-A0B5-4AF23C72B48A}"
EndProject
Global
	GlobalSection(SolutionConfigurationPlatforms) = preSolution
		Debug|Any CPU = Debug|Any CPU
		Release|Any CPU = Release|Any CPU
	EndGlobalSection
	GlobalSection(ProjectConfigurationPlatforms) = postSolution
		{0390E00C-3B6A-4336-A0B5-4AF23C72B48A}.Debug|Any CPU.ActiveCfg = Debug|Any CPU
		{0390E00C-3B6A-4336-A0B5-4AF23C72B48A}.Debug|Any CPU.Build.0 = Debug|Any CPU
		{0390E00C-3B6A-4336-A0B5-4AF23C72B48A}.Release|Any CPU.ActiveCfg = Release|Any CPU
		{0390E00C-3B6A-4336-A0B5-4AF23C72B48A}.Release|Any CPU.Build.0 = Release|Any CPU
	EndGlobalSection
	GlobalSection(SolutionProperties) = preSolution
		HideSolutionNode = FALSE
	EndGlobalSection
	GlobalSection(ExtensibilityGlobals) = postSolution
		SolutionGuid = {FADA7221-8670-46F7-A309-332806F1BF3D}
	EndGlobalSection
EndGlobal
