
Microsoft Visual Studio Solution File, Format Version 12.00
# Visual Studio Version 17
VisualStudioVersion = 17.8.34330.188
MinimumVisualStudioVersion = 10.0.40219.1
Project("{FAE04EC0-301F-11D3-BF4B-00C04F79EFBC}") = "DataTypes2", "DataTypes2\DataTypes2.csproj", "{CEBDB1A9-2BAC-4503-9038-67AB36440306}"
EndProject
Global
	GlobalSection(SolutionConfigurationPlatforms) = preSolution
		Debug|Any CPU = Debug|Any CPU
		Release|Any CPU = Release|Any CPU
	EndGlobalSection
	GlobalSection(ProjectConfigurationPlatforms) = postSolution
		{CEBDB1A9-2BAC-4503-9038-67AB36440306}.Debug|Any CPU.ActiveCfg = Debug|Any CPU
		{CEBDB1A9-2BAC-4503-9038-67AB36440306}.Debug|Any CPU.Build.0 = Debug|Any CPU
		{CEBDB1A9-2BAC-4503-9038-67AB36440306}.Release|Any CPU.ActiveCfg = Release|Any CPU
		{CEBDB1A9-2BAC-4503-9038-67AB36440306}.Release|Any CPU.Build.0 = Release|Any CPU
	EndGlobalSection
	GlobalSection(SolutionProperties) = preSolution
		HideSolutionNode = FALSE
	EndGlobalSection
	GlobalSection(ExtensibilityGlobals) = postSolution
		SolutionGuid = {349117F3-4F4A-4089-9CF3-5D75FD310202}
	EndGlobalSection
EndGlobal
