
Microsoft Visual Studio Solution File, Format Version 12.00
# Visual Studio Version 17
VisualStudioVersion = 17.14.36930.0 d17.14
MinimumVisualStudioVersion = 10.0.40219.1
Project("{FAE04EC0-301F-11D3-BF4B-00C04F79EFBC}") = "DelegateExampleApp", "DelegateExampleApp\DelegateExampleApp.csproj", "{14AF0FD6-DDDD-41FA-917A-63CBAD2E2F4E}"
EndProject
Global
	GlobalSection(SolutionConfigurationPlatforms) = preSolution
		Debug|Any CPU = Debug|Any CPU
		Release|Any CPU = Release|Any CPU
	EndGlobalSection
	GlobalSection(ProjectConfigurationPlatforms) = postSolution
		{14AF0FD6-DDDD-41FA-917A-63CBAD2E2F4E}.Debug|Any CPU.ActiveCfg = Debug|Any CPU
		{14AF0FD6-DDDD-41FA-917A-63CBAD2E2F4E}.Debug|Any CPU.Build.0 = Debug|Any CPU
		{14AF0FD6-DDDD-41FA-917A-63CBAD2E2F4E}.Release|Any CPU.ActiveCfg = Release|Any CPU
		{14AF0FD6-DDDD-41FA-917A-63CBAD2E2F4E}.Release|Any CPU.Build.0 = Release|Any CPU
	EndGlobalSection
	GlobalSection(SolutionProperties) = preSolution
		HideSolutionNode = FALSE
	EndGlobalSection
	GlobalSection(ExtensibilityGlobals) = postSolution
		SolutionGuid = {AD4F5B03-8F8A-49C7-B142-98A3ACE9E3CB}
	EndGlobalSection
EndGlobal
