
Microsoft Visual Studio Solution File, Format Version 12.00
# Visual Studio Version 17
VisualStudioVersion = 17.14.36429.23 d17.14
MinimumVisualStudioVersion = 10.0.40219.1
Project("{FAE04EC0-301F-11D3-BF4B-00C04F79EFBC}") = "TwoDimensionalArrays", "TwoDimensionalArrays.csproj", "{3D6A6928-7540-4EE5-A341-1835C1A980EA}"
EndProject
Global
	GlobalSection(SolutionConfigurationPlatforms) = preSolution
		Debug|Any CPU = Debug|Any CPU
		Release|Any CPU = Release|Any CPU
	EndGlobalSection
	GlobalSection(ProjectConfigurationPlatforms) = postSolution
		{3D6A6928-7540-4EE5-A341-1835C1A980EA}.Debug|Any CPU.ActiveCfg = Debug|Any CPU
		{3D6A6928-7540-4EE5-A341-1835C1A980EA}.Debug|Any CPU.Build.0 = Debug|Any CPU
		{3D6A6928-7540-4EE5-A341-1835C1A980EA}.Release|Any CPU.ActiveCfg = Release|Any CPU
		{3D6A6928-7540-4EE5-A341-1835C1A980EA}.Release|Any CPU.Build.0 = Release|Any CPU
	EndGlobalSection
	GlobalSection(SolutionProperties) = preSolution
		HideSolutionNode = FALSE
	EndGlobalSection
	GlobalSection(ExtensibilityGlobals) = postSolution
		SolutionGuid = {93F13EA5-D150-43D9-B528-9562D8A8B31D}
	EndGlobalSection
EndGlobal
