
Microsoft Visual Studio Solution File, Format Version 12.00
# Visual Studio Version 17
VisualStudioVersion = 17.14.36811.4 d17.14
MinimumVisualStudioVersion = 10.0.40219.1
Project("{FAE04EC0-301F-11D3-BF4B-00C04F79EFBC}") = "Section_8_IS-A_Relationship", "Section_8_IS-A_Relationship.csproj", "{E109C148-DD2B-46BE-AFBD-BA9B0128415D}"
EndProject
Global
	GlobalSection(SolutionConfigurationPlatforms) = preSolution
		Debug|Any CPU = Debug|Any CPU
		Release|Any CPU = Release|Any CPU
	EndGlobalSection
	GlobalSection(ProjectConfigurationPlatforms) = postSolution
		{E109C148-DD2B-46BE-AFBD-BA9B0128415D}.Debug|Any CPU.ActiveCfg = Debug|Any CPU
		{E109C148-DD2B-46BE-AFBD-BA9B0128415D}.Debug|Any CPU.Build.0 = Debug|Any CPU
		{E109C148-DD2B-46BE-AFBD-BA9B0128415D}.Release|Any CPU.ActiveCfg = Release|Any CPU
		{E109C148-DD2B-46BE-AFBD-BA9B0128415D}.Release|Any CPU.Build.0 = Release|Any CPU
	EndGlobalSection
	GlobalSection(SolutionProperties) = preSolution
		HideSolutionNode = FALSE
	EndGlobalSection
	GlobalSection(ExtensibilityGlobals) = postSolution
		SolutionGuid = {2CE5AA76-F93C-42F0-8240-7607962DFADC}
	EndGlobalSection
EndGlobal
