
Microsoft Visual Studio Solution File, Format Version 12.00
# Visual Studio Version 17
VisualStudioVersion = 17.14.36811.4 d17.14
MinimumVisualStudioVersion = 10.0.40219.1
Project("{FAE04EC0-301F-11D3-BF4B-00C04F79EFBC}") = "CreateFileApp", "CreateFileApp.csproj", "{2D9DBA87-3955-40CC-8D1B-84EE3DCA391B}"
EndProject
Global
	GlobalSection(SolutionConfigurationPlatforms) = preSolution
		Debug|Any CPU = Debug|Any CPU
		Release|Any CPU = Release|Any CPU
	EndGlobalSection
	GlobalSection(ProjectConfigurationPlatforms) = postSolution
		{2D9DBA87-3955-40CC-8D1B-84EE3DCA391B}.Debug|Any CPU.ActiveCfg = Debug|Any CPU
		{2D9DBA87-3955-40CC-8D1B-84EE3DCA391B}.Debug|Any CPU.Build.0 = Debug|Any CPU
		{2D9DBA87-3955-40CC-8D1B-84EE3DCA391B}.Release|Any CPU.ActiveCfg = Release|Any CPU
		{2D9DBA87-3955-40CC-8D1B-84EE3DCA391B}.Release|Any CPU.Build.0 = Release|Any CPU
	EndGlobalSection
	GlobalSection(SolutionProperties) = preSolution
		HideSolutionNode = FALSE
	EndGlobalSection
	GlobalSection(ExtensibilityGlobals) = postSolution
		SolutionGuid = {80A1963F-2254-46A5-BB54-99AC2BB6C33B}
	EndGlobalSection
EndGlobal
