
Microsoft Visual Studio Solution File, Format Version 12.00
# Visual Studio Version 17
VisualStudioVersion = 17.14.36429.23 d17.14
MinimumVisualStudioVersion = 10.0.40219.1
Project("{FAE04EC0-301F-11D3-BF4B-00C04F79EFBC}") = "TheWhileLoop", "TheWhileLoop.csproj", "{BAA7C89F-E595-4C7B-AB1D-10234C7CCBEC}"
EndProject
Global
	GlobalSection(SolutionConfigurationPlatforms) = preSolution
		Debug|Any CPU = Debug|Any CPU
		Release|Any CPU = Release|Any CPU
	EndGlobalSection
	GlobalSection(ProjectConfigurationPlatforms) = postSolution
		{BAA7C89F-E595-4C7B-AB1D-10234C7CCBEC}.Debug|Any CPU.ActiveCfg = Debug|Any CPU
		{BAA7C89F-E595-4C7B-AB1D-10234C7CCBEC}.Debug|Any CPU.Build.0 = Debug|Any CPU
		{BAA7C89F-E595-4C7B-AB1D-10234C7CCBEC}.Release|Any CPU.ActiveCfg = Release|Any CPU
		{BAA7C89F-E595-4C7B-AB1D-10234C7CCBEC}.Release|Any CPU.Build.0 = Release|Any CPU
	EndGlobalSection
	GlobalSection(SolutionProperties) = preSolution
		HideSolutionNode = FALSE
	EndGlobalSection
	GlobalSection(ExtensibilityGlobals) = postSolution
		SolutionGuid = {C8B3A96F-1229-4120-86F8-CDD91ECFE6CA}
	EndGlobalSection
EndGlobal
