
Microsoft Visual Studio Solution File, Format Version 12.00
# Visual Studio Version 17
VisualStudioVersion = 17.14.36930.0 d17.14
MinimumVisualStudioVersion = 10.0.40219.1
Project("{FAE04EC0-301F-11D3-BF4B-00C04F79EFBC}") = "ColumnSpanAndRowSpanWPFApp1", "ColumnSpanAndRowSpanWPFApp1\ColumnSpanAndRowSpanWPFApp1.csproj", "{9E383720-0E88-4B13-8C44-A434B97DA604}"
EndProject
Global
	GlobalSection(SolutionConfigurationPlatforms) = preSolution
		Debug|Any CPU = Debug|Any CPU
		Release|Any CPU = Release|Any CPU
	EndGlobalSection
	GlobalSection(ProjectConfigurationPlatforms) = postSolution
		{9E383720-0E88-4B13-8C44-A434B97DA604}.Debug|Any CPU.ActiveCfg = Debug|Any CPU
		{9E383720-0E88-4B13-8C44-A434B97DA604}.Debug|Any CPU.Build.0 = Debug|Any CPU
		{9E383720-0E88-4B13-8C44-A434B97DA604}.Release|Any CPU.ActiveCfg = Release|Any CPU
		{9E383720-0E88-4B13-8C44-A434B97DA604}.Release|Any CPU.Build.0 = Release|Any CPU
	EndGlobalSection
	GlobalSection(SolutionProperties) = preSolution
		HideSolutionNode = FALSE
	EndGlobalSection
	GlobalSection(ExtensibilityGlobals) = postSolution
		SolutionGuid = {E2AE571E-9831-4F0B-AB11-F70AE38C57C6}
	EndGlobalSection
EndGlobal
