
Microsoft Visual Studio Solution File, Format Version 12.00
# Visual Studio Version 17
VisualStudioVersion = 17.14.36930.0 d17.14
MinimumVisualStudioVersion = 10.0.40219.1
Project("{FAE04EC0-301F-11D3-BF4B-00C04F79EFBC}") = "SimpleSynchronousVsAsynchronous", "SimpleSynchronousVsAsynchronous\SimpleSynchronousVsAsynchronous.csproj", "{78565BB9-9741-447C-9026-0DBF8FDA5ECF}"
EndProject
Global
	GlobalSection(SolutionConfigurationPlatforms) = preSolution
		Debug|Any CPU = Debug|Any CPU
		Release|Any CPU = Release|Any CPU
	EndGlobalSection
	GlobalSection(ProjectConfigurationPlatforms) = postSolution
		{78565BB9-9741-447C-9026-0DBF8FDA5ECF}.Debug|Any CPU.ActiveCfg = Debug|Any CPU
		{78565BB9-9741-447C-9026-0DBF8FDA5ECF}.Debug|Any CPU.Build.0 = Debug|Any CPU
		{78565BB9-9741-447C-9026-0DBF8FDA5ECF}.Release|Any CPU.ActiveCfg = Release|Any CPU
		{78565BB9-9741-447C-9026-0DBF8FDA5ECF}.Release|Any CPU.Build.0 = Release|Any CPU
	EndGlobalSection
	GlobalSection(SolutionProperties) = preSolution
		HideSolutionNode = FALSE
	EndGlobalSection
	GlobalSection(ExtensibilityGlobals) = postSolution
		SolutionGuid = {2A33A1B2-6564-4EC7-A95D-B9C72643CC94}
	EndGlobalSection
EndGlobal
